
Microsoft Visual Studio Solution File, Format Version 12.00
# Visual Studio 2013
VisualStudioVersion = 12.0.40629.0
MinimumVisualStudioVersion = 10.0.40219.1
Project("{FAE04EC0-301F-11D3-BF4B-00C04F79EFBC}") = "01.ArrangeNumbers", "01.ArrangeNumbers\01.ArrangeNumbers.csproj", "{B8CFE35F-F763-4F2D-98DB-C60068D33EC1}"
EndProject
Project("{FAE04EC0-301F-11D3-BF4B-00C04F79EFBC}") = "02.Monopoly", "02.Monopoly\02.Monopoly.csproj", "{715D9DCF-8709-47D8-8A7D-92E4310215DA}"
EndProject
Project("{FAE04EC0-301F-11D3-BF4B-00C04F79EFBC}") = "03.BasicMarkUpLanguage", "03.BasicMarkUpLanguage\03.BasicMarkUpLanguage.csproj", "{DD268693-2A18-437E-9920-48E430B5EDB3}"
EndProject
Project("{FAE04EC0-301F-11D3-BF4B-00C04F79EFBC}") = "04.ChampionsLeague", "04.ChampionsLeague\04.ChampionsLeague.csproj", "{1DDAF7DB-87C8-4FD6-9E40-4C93601B9651}"
EndProject
Global
	GlobalSection(SolutionConfigurationPlatforms) = preSolution
		Debug|Any CPU = Debug|Any CPU
		Release|Any CPU = Release|Any CPU
	EndGlobalSection
	GlobalSection(ProjectConfigurationPlatforms) = postSolution
		{B8CFE35F-F763-4F2D-98DB-C60068D33EC1}.Debug|Any CPU.ActiveCfg = Debug|Any CPU
		{B8CFE35F-F763-4F2D-98DB-C60068D33EC1}.Debug|Any CPU.Build.0 = Debug|Any CPU
		{B8CFE35F-F763-4F2D-98DB-C60068D33EC1}.Release|Any CPU.ActiveCfg = Release|Any CPU
		{B8CFE35F-F763-4F2D-98DB-C60068D33EC1}.Release|Any CPU.Build.0 = Release|Any CPU
		{715D9DCF-8709-47D8-8A7D-92E4310215DA}.Debug|Any CPU.ActiveCfg = Debug|Any CPU
		{715D9DCF-8709-47D8-8A7D-92E4310215DA}.Debug|Any CPU.Build.0 = Debug|Any CPU
		{715D9DCF-8709-47D8-8A7D-92E4310215DA}.Release|Any CPU.ActiveCfg = Release|Any CPU
		{715D9DCF-8709-47D8-8A7D-92E4310215DA}.Release|Any CPU.Build.0 = Release|Any CPU
		{DD268693-2A18-437E-9920-48E430B5EDB3}.Debug|Any CPU.ActiveCfg = Debug|Any CPU
		{DD268693-2A18-437E-9920-48E430B5EDB3}.Debug|Any CPU.Build.0 = Debug|Any CPU
		{DD268693-2A18-437E-9920-48E430B5EDB3}.Release|Any CPU.ActiveCfg = Release|Any CPU
		{DD268693-2A18-437E-9920-48E430B5EDB3}.Release|Any CPU.Build.0 = Release|Any CPU
		{1DDAF7DB-87C8-4FD6-9E40-4C93601B9651}.Debug|Any CPU.ActiveCfg = Debug|Any CPU
		{1DDAF7DB-87C8-4FD6-9E40-4C93601B9651}.Debug|Any CPU.Build.0 = Debug|Any CPU
		{1DDAF7DB-87C8-4FD6-9E40-4C93601B9651}.Release|Any CPU.ActiveCfg = Release|Any CPU
		{1DDAF7DB-87C8-4FD6-9E40-4C93601B9651}.Release|Any CPU.Build.0 = Release|Any CPU
	EndGlobalSection
	GlobalSection(SolutionProperties) = preSolution
		HideSolutionNode = FALSE
	EndGlobalSection
EndGlobal
